
Microsoft Visual Studio Solution File, Format Version 12.00
# Visual Studio Version 17
VisualStudioVersion = 17.5.33424.131
MinimumVisualStudioVersion = 10.0.40219.1
Project("{FAE04EC0-301F-11D3-BF4B-00C04F79EFBC}") = "LibEmpleado", "LibEmpleado\LibEmpleado.csproj", "{42028B00-6645-4E02-8747-6613A87615A5}"
EndProject
Global
	GlobalSection(SolutionConfigurationPlatforms) = preSolution
		Debug|Any CPU = Debug|Any CPU
		Release|Any CPU = Release|Any CPU
	EndGlobalSection
	GlobalSection(ProjectConfigurationPlatforms) = postSolution
		{42028B00-6645-4E02-8747-6613A87615A5}.Debug|Any CPU.ActiveCfg = Debug|Any CPU
		{42028B00-6645-4E02-8747-6613A87615A5}.Debug|Any CPU.Build.0 = Debug|Any CPU
		{42028B00-6645-4E02-8747-6613A87615A5}.Release|Any CPU.ActiveCfg = Release|Any CPU
		{42028B00-6645-4E02-8747-6613A87615A5}.Release|Any CPU.Build.0 = Release|Any CPU
	EndGlobalSection
	GlobalSection(SolutionProperties) = preSolution
		HideSolutionNode = FALSE
	EndGlobalSection
	GlobalSection(ExtensibilityGlobals) = postSolution
		SolutionGuid = {D7AD45AF-AA31-4E5C-9E45-D69E082DBD94}
	EndGlobalSection
EndGlobal
